
Microsoft Visual Studio Solution File, Format Version 12.00
# Visual Studio Version 16
VisualStudioVersion = 16.0.31605.320
MinimumVisualStudioVersion = 10.0.40219.1
Project("{FAE04EC0-301F-11D3-BF4B-00C04F79EFBC}") = "TesseractReload", "TesseractReload\TesseractReload.csproj", "{C15D00D0-3F3D-494F-9A0D-EF57C01AD6CE}"
EndProject
Global
	GlobalSection(SolutionConfigurationPlatforms) = preSolution
		Debug|Any CPU = Debug|Any CPU
		Release|Any CPU = Release|Any CPU
	EndGlobalSection
	GlobalSection(ProjectConfigurationPlatforms) = postSolution
		{C15D00D0-3F3D-494F-9A0D-EF57C01AD6CE}.Debug|Any CPU.ActiveCfg = Debug|Any CPU
		{C15D00D0-3F3D-494F-9A0D-EF57C01AD6CE}.Debug|Any CPU.Build.0 = Debug|Any CPU
		{C15D00D0-3F3D-494F-9A0D-EF57C01AD6CE}.Release|Any CPU.ActiveCfg = Release|Any CPU
		{C15D00D0-3F3D-494F-9A0D-EF57C01AD6CE}.Release|Any CPU.Build.0 = Release|Any CPU
	EndGlobalSection
	GlobalSection(SolutionProperties) = preSolution
		HideSolutionNode = FALSE
	EndGlobalSection
	GlobalSection(ExtensibilityGlobals) = postSolution
		SolutionGuid = {63D2FFAA-A8D7-4010-A82A-4AE3BFF4656D}
	EndGlobalSection
EndGlobal
